
Microsoft Visual Studio Solution File, Format Version 12.00
# Visual Studio 15
VisualStudioVersion = 15.0.27130.2010
MinimumVisualStudioVersion = 10.0.40219.1
Project("{FAE04EC0-301F-11D3-BF4B-00C04F79EFBC}") = "DesafioConcrete.API", "DesafioConcrete.API\DesafioConcrete.API.csproj", "{D2B2B336-471B-4590-B96D-6CCF6E75C03E}"
EndProject
Project("{FAE04EC0-301F-11D3-BF4B-00C04F79EFBC}") = "DesafioConcrete.Tests", "DesafioConcrete.Tests\DesafioConcrete.Tests.csproj", "{E5AB3CFF-092F-4F33-A829-97266F970FA5}"
EndProject
Project("{FAE04EC0-301F-11D3-BF4B-00C04F79EFBC}") = "DesafioConcrete.Dominio", "DesafioConcrete.Dominio\DesafioConcrete.Dominio.csproj", "{A87E0BAC-5E68-4BE4-869F-49E1ED6D582F}"
EndProject
Project("{FAE04EC0-301F-11D3-BF4B-00C04F79EFBC}") = "DesafioConcrete.Infra", "DesafioConcrete.Infra\DesafioConcrete.Infra.csproj", "{C97567A1-7B59-4726-A539-AF70459B376F}"
EndProject
Global
	GlobalSection(SolutionConfigurationPlatforms) = preSolution
		Debug|Any CPU = Debug|Any CPU
		Release|Any CPU = Release|Any CPU
	EndGlobalSection
	GlobalSection(ProjectConfigurationPlatforms) = postSolution
		{D2B2B336-471B-4590-B96D-6CCF6E75C03E}.Debug|Any CPU.ActiveCfg = Debug|Any CPU
		{D2B2B336-471B-4590-B96D-6CCF6E75C03E}.Debug|Any CPU.Build.0 = Debug|Any CPU
		{D2B2B336-471B-4590-B96D-6CCF6E75C03E}.Release|Any CPU.ActiveCfg = Release|Any CPU
		{D2B2B336-471B-4590-B96D-6CCF6E75C03E}.Release|Any CPU.Build.0 = Release|Any CPU
		{E5AB3CFF-092F-4F33-A829-97266F970FA5}.Debug|Any CPU.ActiveCfg = Debug|Any CPU
		{E5AB3CFF-092F-4F33-A829-97266F970FA5}.Debug|Any CPU.Build.0 = Debug|Any CPU
		{E5AB3CFF-092F-4F33-A829-97266F970FA5}.Release|Any CPU.ActiveCfg = Release|Any CPU
		{E5AB3CFF-092F-4F33-A829-97266F970FA5}.Release|Any CPU.Build.0 = Release|Any CPU
		{A87E0BAC-5E68-4BE4-869F-49E1ED6D582F}.Debug|Any CPU.ActiveCfg = Debug|Any CPU
		{A87E0BAC-5E68-4BE4-869F-49E1ED6D582F}.Debug|Any CPU.Build.0 = Debug|Any CPU
		{A87E0BAC-5E68-4BE4-869F-49E1ED6D582F}.Release|Any CPU.ActiveCfg = Release|Any CPU
		{A87E0BAC-5E68-4BE4-869F-49E1ED6D582F}.Release|Any CPU.Build.0 = Release|Any CPU
		{C97567A1-7B59-4726-A539-AF70459B376F}.Debug|Any CPU.ActiveCfg = Debug|Any CPU
		{C97567A1-7B59-4726-A539-AF70459B376F}.Debug|Any CPU.Build.0 = Debug|Any CPU
		{C97567A1-7B59-4726-A539-AF70459B376F}.Release|Any CPU.ActiveCfg = Release|Any CPU
		{C97567A1-7B59-4726-A539-AF70459B376F}.Release|Any CPU.Build.0 = Release|Any CPU
	EndGlobalSection
	GlobalSection(SolutionProperties) = preSolution
		HideSolutionNode = FALSE
	EndGlobalSection
	GlobalSection(ExtensibilityGlobals) = postSolution
		SolutionGuid = {5D2CD34D-9905-49CF-BD74-B73FB6CB09F4}
	EndGlobalSection
EndGlobal
